# THIS IS AN AUTOGENERATED FILE. DO NOT EDIT THIS FILE DIRECTLY.
# yarn lockfile v1


framer-motion@^12.5.0:
  version "12.5.0"
  resolved "https://registry.yarnpkg.com/framer-motion/-/framer-motion-12.5.0.tgz#3201f92d7a00f7ab636c39fdb619b07247f05a8b"
  integrity sha512-buPlioFbH9/W7rDzYh1C09AuZHAk2D1xTA1BlounJ2Rb9aRg84OXexP0GLd+R83v0khURdMX7b5MKnGTaSg5iA==
  dependencies:
    motion-dom "^12.5.0"
    motion-utils "^12.5.0"
    tslib "^2.4.0"

motion-dom@^12.0.0, motion-dom@^12.5.0:
  version "12.5.0"
  resolved "https://registry.yarnpkg.com/motion-dom/-/motion-dom-12.5.0.tgz#38beabafa11c068f09c2b096674b2d46025a0a24"
  integrity sha512-uH2PETDh7m+Hjd1UQQ56yHqwn83SAwNjimNPE/kC+Kds0t4Yh7+29rfo5wezVFpPOv57U4IuWved5d1x0kNhbQ==
  dependencies:
    motion-utils "^12.5.0"

motion-plus-dom@^0.1.5:
  version "0.1.5"
  resolved "https://registry.yarnpkg.com/motion-plus-dom/-/motion-plus-dom-0.1.5.tgz#fb1a26b9c9b54a36d6a94e76bc5a6facd8613ac0"
  integrity sha512-/XIAij0nud4sMFq1wrDQGhLJ/+Dfc/or0IyrbjwFgp+kprDRVpGqqJ+NSx9cwqS/QVJUoLzfTJ+yr88lC/soLQ==
  dependencies:
    motion "^12.0.6"
    motion-dom "^12.0.0"
    motion-utils "^12.0.0"

motion-plus-react@^0.1.5:
  version "0.1.5"
  resolved "https://registry.yarnpkg.com/motion-plus-react/-/motion-plus-react-0.1.5.tgz#571b3cfc71b6f2364ae8cdd57c0fa91b54a2f99d"
  integrity sha512-RyH4iuvUpC8VphhMp7taLgb8siYMaVv9F3ELkDI5YdsOSsLQ8h9FqDAmFscIye/v+C6qwFjpcuOFmoLPy1UFOQ==
  dependencies:
    motion "^12.0.6"
    motion-plus-dom "^0.1.5"
    motion-utils "^12.0.0"

motion-plus@^0.1.5:
  version "0.1.5"
  resolved "https://registry.yarnpkg.com/motion-plus/-/motion-plus-0.1.5.tgz#6f270b6b63a568e76ba98654680aa4d21a10af2a"
  integrity sha512-sojO3N1L9HC4RxPcwzh+tdf0TqsV9G8qSR107uQQfdzNkVGhcscgUtxO2Zsp3ZJgDYSY8vnzt7akr0eCzLa8PA==
  dependencies:
    motion-plus-dom "^0.1.5"
    motion-plus-react "^0.1.5"

motion-utils@^12.0.0, motion-utils@^12.5.0:
  version "12.5.0"
  resolved "https://registry.yarnpkg.com/motion-utils/-/motion-utils-12.5.0.tgz#0e42a6b8030327166ca0d0ea0d5b86d64c21e51d"
  integrity sha512-+hFFzvimn0sBMP9iPxBa9OtRX35ZQ3py0UHnb8U29VD+d8lQ8zH3dTygJWqK7av2v6yhg7scj9iZuvTS0f4+SA==

motion@^12.0.6, motion@^12.5.0:
  version "12.5.0"
  resolved "https://registry.yarnpkg.com/motion/-/motion-12.5.0.tgz#483b51433e6112e3bb1afa70fe0764306b976c02"
  integrity sha512-BTAYKszMmTvXSsIyeHNMPSicjWgUA4j7OmZv1xPpthm4sPub3ch66fy9U7BhJ1uXNL3YeprsIegzuvps3FkEMw==
  dependencies:
    framer-motion "^12.5.0"
    tslib "^2.4.0"

tslib@^2.4.0:
  version "2.8.1"
  resolved "https://registry.yarnpkg.com/tslib/-/tslib-2.8.1.tgz#612efe4ed235d567e8aba5f2a5fab70280ade83f"
  integrity sha512-oJFu94HQb+KVduSUQL7wnpmqnfmLsOA/nAh6b6EH0wCEoK0/mPeXU6c3wKDV83MkOuHPRHtSXKKU99IBazS/2w==
